
Microsoft Visual Studio Solution File, Format Version 12.00
# Visual Studio Version 17
VisualStudioVersion = 17.12.35521.163
MinimumVisualStudioVersion = 10.0.40219.1
Project("{FAE04EC0-301F-11D3-BF4B-00C04F79EFBC}") = "Ex001", "CSharp_Example\Ex001.csproj", "{36292337-B5C3-43F2-8408-F53A48CA98F6}"
EndProject
Project("{FAE04EC0-301F-11D3-BF4B-00C04F79EFBC}") = "Ex002", "Ex002\Ex002.csproj", "{8A248D3F-FC00-407E-81A9-74EDB64F7FB5}"
EndProject
Project("{FAE04EC0-301F-11D3-BF4B-00C04F79EFBC}") = "Ex003", "Ex003\Ex003.csproj", "{62A0EF39-F08D-4FC4-9A50-AEBB20A8F69B}"
EndProject
Project("{FAE04EC0-301F-11D3-BF4B-00C04F79EFBC}") = "Ex004", "Ex004\Ex004.csproj", "{5D2D3148-F771-46F9-9372-E026B9DC48FD}"
EndProject
Project("{FAE04EC0-301F-11D3-BF4B-00C04F79EFBC}") = "Ex005", "Ex005\Ex005.csproj", "{50DC34B7-AB15-4491-AFB4-8815C24D0E33}"
EndProject
Project("{FAE04EC0-301F-11D3-BF4B-00C04F79EFBC}") = "Ex006", "Ex006\Ex006.csproj", "{B76946DE-07EA-44FF-AE19-B9F94E2A5FBD}"
EndProject
Project("{FAE04EC0-301F-11D3-BF4B-00C04F79EFBC}") = "Ex007", "Ex007\Ex007.csproj", "{0DABC52E-4DFA-48F1-AD90-A640A6D5D892}"
EndProject
Project("{FAE04EC0-301F-11D3-BF4B-00C04F79EFBC}") = "Ex008", "Ex008\Ex008.csproj", "{9964F4C9-B066-409A-97B4-8CE59AF94D57}"
EndProject
Project("{FAE04EC0-301F-11D3-BF4B-00C04F79EFBC}") = "Ex009", "Ex009\Ex009.csproj", "{3FB27B6C-26CA-4275-82C0-EB106D423167}"
EndProject
Project("{FAE04EC0-301F-11D3-BF4B-00C04F79EFBC}") = "Ex010", "Ex010\Ex010.csproj", "{EC527C25-FEA3-4492-974B-C5408328ED96}"
EndProject
Project("{FAE04EC0-301F-11D3-BF4B-00C04F79EFBC}") = "Ex011", "Ex011\Ex011.csproj", "{37AF5F9E-C3FB-41BB-A2D6-8AA1A551C5B8}"
EndProject
Project("{FAE04EC0-301F-11D3-BF4B-00C04F79EFBC}") = "Ex012", "Ex12\Ex012.csproj", "{E0DF078C-E972-49A4-AE4A-82E332AD8FB0}"
EndProject
Project("{FAE04EC0-301F-11D3-BF4B-00C04F79EFBC}") = "Ex013", "Ex013\Ex013.csproj", "{9C378AFC-5912-4927-9D00-C51C50E60C44}"
EndProject
Project("{FAE04EC0-301F-11D3-BF4B-00C04F79EFBC}") = "Ex014", "Ex014\Ex014.csproj", "{FB15BCF9-DAE4-4950-9B2E-9F8AC53CAA8B}"
EndProject
Project("{FAE04EC0-301F-11D3-BF4B-00C04F79EFBC}") = "Ex015", "Ex015\Ex015.csproj", "{3CC8A36F-21BD-4600-883B-100FC2893A87}"
EndProject
Project("{FAE04EC0-301F-11D3-BF4B-00C04F79EFBC}") = "Ex016", "Ex016\Ex016.csproj", "{E059CA18-E4DD-402A-806B-A242CFE451BB}"
EndProject
Project("{FAE04EC0-301F-11D3-BF4B-00C04F79EFBC}") = "Ex017", "Ex017\Ex017.csproj", "{113DA32C-2E35-49A8-9953-F232550F942D}"
EndProject
Project("{FAE04EC0-301F-11D3-BF4B-00C04F79EFBC}") = "Ex018", "Ex018\Ex018.csproj", "{FE9F43AF-1503-4CC9-8DBB-2CA386C71558}"
EndProject
Project("{FAE04EC0-301F-11D3-BF4B-00C04F79EFBC}") = "Ex019", "Ex019\Ex019.csproj", "{2EF39E8A-FC5C-455B-8FDD-0861499312C6}"
EndProject
Project("{FAE04EC0-301F-11D3-BF4B-00C04F79EFBC}") = "Ex020", "Ex020\Ex020.csproj", "{F0C6EE3F-7D23-4CC7-B52E-79ED8058BD90}"
EndProject
Project("{FAE04EC0-301F-11D3-BF4B-00C04F79EFBC}") = "Ex021", "Ex021\Ex021.csproj", "{EE903587-C91F-443D-8808-4F078E254814}"
EndProject
Project("{FAE04EC0-301F-11D3-BF4B-00C04F79EFBC}") = "Ex022", "Ex022\Ex022.csproj", "{5A7462AD-4539-412F-B7D3-D5AA77BCC5DD}"
EndProject
Project("{FAE04EC0-301F-11D3-BF4B-00C04F79EFBC}") = "Ex023", "Ex023\Ex023.csproj", "{C0EF6419-8C21-418B-923D-05C1D18391D9}"
EndProject
Global
	GlobalSection(SolutionConfigurationPlatforms) = preSolution
		Debug|Any CPU = Debug|Any CPU
		Release|Any CPU = Release|Any CPU
	EndGlobalSection
	GlobalSection(ProjectConfigurationPlatforms) = postSolution
		{36292337-B5C3-43F2-8408-F53A48CA98F6}.Debug|Any CPU.ActiveCfg = Debug|Any CPU
		{36292337-B5C3-43F2-8408-F53A48CA98F6}.Debug|Any CPU.Build.0 = Debug|Any CPU
		{36292337-B5C3-43F2-8408-F53A48CA98F6}.Release|Any CPU.ActiveCfg = Release|Any CPU
		{36292337-B5C3-43F2-8408-F53A48CA98F6}.Release|Any CPU.Build.0 = Release|Any CPU
		{8A248D3F-FC00-407E-81A9-74EDB64F7FB5}.Debug|Any CPU.ActiveCfg = Debug|Any CPU
		{8A248D3F-FC00-407E-81A9-74EDB64F7FB5}.Debug|Any CPU.Build.0 = Debug|Any CPU
		{8A248D3F-FC00-407E-81A9-74EDB64F7FB5}.Release|Any CPU.ActiveCfg = Release|Any CPU
		{8A248D3F-FC00-407E-81A9-74EDB64F7FB5}.Release|Any CPU.Build.0 = Release|Any CPU
		{62A0EF39-F08D-4FC4-9A50-AEBB20A8F69B}.Debug|Any CPU.ActiveCfg = Debug|Any CPU
		{62A0EF39-F08D-4FC4-9A50-AEBB20A8F69B}.Debug|Any CPU.Build.0 = Debug|Any CPU
		{62A0EF39-F08D-4FC4-9A50-AEBB20A8F69B}.Release|Any CPU.ActiveCfg = Release|Any CPU
		{62A0EF39-F08D-4FC4-9A50-AEBB20A8F69B}.Release|Any CPU.Build.0 = Release|Any CPU
		{5D2D3148-F771-46F9-9372-E026B9DC48FD}.Debug|Any CPU.ActiveCfg = Debug|Any CPU
		{5D2D3148-F771-46F9-9372-E026B9DC48FD}.Debug|Any CPU.Build.0 = Debug|Any CPU
		{5D2D3148-F771-46F9-9372-E026B9DC48FD}.Release|Any CPU.ActiveCfg = Release|Any CPU
		{5D2D3148-F771-46F9-9372-E026B9DC48FD}.Release|Any CPU.Build.0 = Release|Any CPU
		{50DC34B7-AB15-4491-AFB4-8815C24D0E33}.Debug|Any CPU.ActiveCfg = Debug|Any CPU
		{50DC34B7-AB15-4491-AFB4-8815C24D0E33}.Debug|Any CPU.Build.0 = Debug|Any CPU
		{50DC34B7-AB15-4491-AFB4-8815C24D0E33}.Release|Any CPU.ActiveCfg = Release|Any CPU
		{50DC34B7-AB15-4491-AFB4-8815C24D0E33}.Release|Any CPU.Build.0 = Release|Any CPU
		{B76946DE-07EA-44FF-AE19-B9F94E2A5FBD}.Debug|Any CPU.ActiveCfg = Debug|Any CPU
		{B76946DE-07EA-44FF-AE19-B9F94E2A5FBD}.Debug|Any CPU.Build.0 = Debug|Any CPU
		{B76946DE-07EA-44FF-AE19-B9F94E2A5FBD}.Release|Any CPU.ActiveCfg = Release|Any CPU
		{B76946DE-07EA-44FF-AE19-B9F94E2A5FBD}.Release|Any CPU.Build.0 = Release|Any CPU
		{0DABC52E-4DFA-48F1-AD90-A640A6D5D892}.Debug|Any CPU.ActiveCfg = Debug|Any CPU
		{0DABC52E-4DFA-48F1-AD90-A640A6D5D892}.Debug|Any CPU.Build.0 = Debug|Any CPU
		{0DABC52E-4DFA-48F1-AD90-A640A6D5D892}.Release|Any CPU.ActiveCfg = Release|Any CPU
		{0DABC52E-4DFA-48F1-AD90-A640A6D5D892}.Release|Any CPU.Build.0 = Release|Any CPU
		{9964F4C9-B066-409A-97B4-8CE59AF94D57}.Debug|Any CPU.ActiveCfg = Debug|Any CPU
		{9964F4C9-B066-409A-97B4-8CE59AF94D57}.Debug|Any CPU.Build.0 = Debug|Any CPU
		{9964F4C9-B066-409A-97B4-8CE59AF94D57}.Release|Any CPU.ActiveCfg = Release|Any CPU
		{9964F4C9-B066-409A-97B4-8CE59AF94D57}.Release|Any CPU.Build.0 = Release|Any CPU
		{3FB27B6C-26CA-4275-82C0-EB106D423167}.Debug|Any CPU.ActiveCfg = Debug|Any CPU
		{3FB27B6C-26CA-4275-82C0-EB106D423167}.Debug|Any CPU.Build.0 = Debug|Any CPU
		{3FB27B6C-26CA-4275-82C0-EB106D423167}.Release|Any CPU.ActiveCfg = Release|Any CPU
		{3FB27B6C-26CA-4275-82C0-EB106D423167}.Release|Any CPU.Build.0 = Release|Any CPU
		{EC527C25-FEA3-4492-974B-C5408328ED96}.Debug|Any CPU.ActiveCfg = Debug|Any CPU
		{EC527C25-FEA3-4492-974B-C5408328ED96}.Debug|Any CPU.Build.0 = Debug|Any CPU
		{EC527C25-FEA3-4492-974B-C5408328ED96}.Release|Any CPU.ActiveCfg = Release|Any CPU
		{EC527C25-FEA3-4492-974B-C5408328ED96}.Release|Any CPU.Build.0 = Release|Any CPU
		{37AF5F9E-C3FB-41BB-A2D6-8AA1A551C5B8}.Debug|Any CPU.ActiveCfg = Debug|Any CPU
		{37AF5F9E-C3FB-41BB-A2D6-8AA1A551C5B8}.Debug|Any CPU.Build.0 = Debug|Any CPU
		{37AF5F9E-C3FB-41BB-A2D6-8AA1A551C5B8}.Release|Any CPU.ActiveCfg = Release|Any CPU
		{37AF5F9E-C3FB-41BB-A2D6-8AA1A551C5B8}.Release|Any CPU.Build.0 = Release|Any CPU
		{E0DF078C-E972-49A4-AE4A-82E332AD8FB0}.Debug|Any CPU.ActiveCfg = Debug|Any CPU
		{E0DF078C-E972-49A4-AE4A-82E332AD8FB0}.Debug|Any CPU.Build.0 = Debug|Any CPU
		{E0DF078C-E972-49A4-AE4A-82E332AD8FB0}.Release|Any CPU.ActiveCfg = Release|Any CPU
		{E0DF078C-E972-49A4-AE4A-82E332AD8FB0}.Release|Any CPU.Build.0 = Release|Any CPU
		{9C378AFC-5912-4927-9D00-C51C50E60C44}.Debug|Any CPU.ActiveCfg = Debug|Any CPU
		{9C378AFC-5912-4927-9D00-C51C50E60C44}.Debug|Any CPU.Build.0 = Debug|Any CPU
		{9C378AFC-5912-4927-9D00-C51C50E60C44}.Release|Any CPU.ActiveCfg = Release|Any CPU
		{9C378AFC-5912-4927-9D00-C51C50E60C44}.Release|Any CPU.Build.0 = Release|Any CPU
		{FB15BCF9-DAE4-4950-9B2E-9F8AC53CAA8B}.Debug|Any CPU.ActiveCfg = Debug|Any CPU
		{FB15BCF9-DAE4-4950-9B2E-9F8AC53CAA8B}.Debug|Any CPU.Build.0 = Debug|Any CPU
		{FB15BCF9-DAE4-4950-9B2E-9F8AC53CAA8B}.Release|Any CPU.ActiveCfg = Release|Any CPU
		{FB15BCF9-DAE4-4950-9B2E-9F8AC53CAA8B}.Release|Any CPU.Build.0 = Release|Any CPU
		{3CC8A36F-21BD-4600-883B-100FC2893A87}.Debug|Any CPU.ActiveCfg = Debug|Any CPU
		{3CC8A36F-21BD-4600-883B-100FC2893A87}.Debug|Any CPU.Build.0 = Debug|Any CPU
		{3CC8A36F-21BD-4600-883B-100FC2893A87}.Release|Any CPU.ActiveCfg = Release|Any CPU
		{3CC8A36F-21BD-4600-883B-100FC2893A87}.Release|Any CPU.Build.0 = Release|Any CPU
		{E059CA18-E4DD-402A-806B-A242CFE451BB}.Debug|Any CPU.ActiveCfg = Debug|Any CPU
		{E059CA18-E4DD-402A-806B-A242CFE451BB}.Debug|Any CPU.Build.0 = Debug|Any CPU
		{E059CA18-E4DD-402A-806B-A242CFE451BB}.Release|Any CPU.ActiveCfg = Release|Any CPU
		{E059CA18-E4DD-402A-806B-A242CFE451BB}.Release|Any CPU.Build.0 = Release|Any CPU
		{113DA32C-2E35-49A8-9953-F232550F942D}.Debug|Any CPU.ActiveCfg = Debug|Any CPU
		{113DA32C-2E35-49A8-9953-F232550F942D}.Debug|Any CPU.Build.0 = Debug|Any CPU
		{113DA32C-2E35-49A8-9953-F232550F942D}.Release|Any CPU.ActiveCfg = Release|Any CPU
		{113DA32C-2E35-49A8-9953-F232550F942D}.Release|Any CPU.Build.0 = Release|Any CPU
		{FE9F43AF-1503-4CC9-8DBB-2CA386C71558}.Debug|Any CPU.ActiveCfg = Debug|Any CPU
		{FE9F43AF-1503-4CC9-8DBB-2CA386C71558}.Debug|Any CPU.Build.0 = Debug|Any CPU
		{FE9F43AF-1503-4CC9-8DBB-2CA386C71558}.Release|Any CPU.ActiveCfg = Release|Any CPU
		{FE9F43AF-1503-4CC9-8DBB-2CA386C71558}.Release|Any CPU.Build.0 = Release|Any CPU
		{2EF39E8A-FC5C-455B-8FDD-0861499312C6}.Debug|Any CPU.ActiveCfg = Debug|Any CPU
		{2EF39E8A-FC5C-455B-8FDD-0861499312C6}.Debug|Any CPU.Build.0 = Debug|Any CPU
		{2EF39E8A-FC5C-455B-8FDD-0861499312C6}.Release|Any CPU.ActiveCfg = Release|Any CPU
		{2EF39E8A-FC5C-455B-8FDD-0861499312C6}.Release|Any CPU.Build.0 = Release|Any CPU
		{F0C6EE3F-7D23-4CC7-B52E-79ED8058BD90}.Debug|Any CPU.ActiveCfg = Debug|Any CPU
		{F0C6EE3F-7D23-4CC7-B52E-79ED8058BD90}.Debug|Any CPU.Build.0 = Debug|Any CPU
		{F0C6EE3F-7D23-4CC7-B52E-79ED8058BD90}.Release|Any CPU.ActiveCfg = Release|Any CPU
		{F0C6EE3F-7D23-4CC7-B52E-79ED8058BD90}.Release|Any CPU.Build.0 = Release|Any CPU
		{EE903587-C91F-443D-8808-4F078E254814}.Debug|Any CPU.ActiveCfg = Debug|Any CPU
		{EE903587-C91F-443D-8808-4F078E254814}.Debug|Any CPU.Build.0 = Debug|Any CPU
		{EE903587-C91F-443D-8808-4F078E254814}.Release|Any CPU.ActiveCfg = Release|Any CPU
		{EE903587-C91F-443D-8808-4F078E254814}.Release|Any CPU.Build.0 = Release|Any CPU
		{5A7462AD-4539-412F-B7D3-D5AA77BCC5DD}.Debug|Any CPU.ActiveCfg = Debug|Any CPU
		{5A7462AD-4539-412F-B7D3-D5AA77BCC5DD}.Debug|Any CPU.Build.0 = Debug|Any CPU
		{5A7462AD-4539-412F-B7D3-D5AA77BCC5DD}.Release|Any CPU.ActiveCfg = Release|Any CPU
		{5A7462AD-4539-412F-B7D3-D5AA77BCC5DD}.Release|Any CPU.Build.0 = Release|Any CPU
		{C0EF6419-8C21-418B-923D-05C1D18391D9}.Debug|Any CPU.ActiveCfg = Debug|Any CPU
		{C0EF6419-8C21-418B-923D-05C1D18391D9}.Debug|Any CPU.Build.0 = Debug|Any CPU
		{C0EF6419-8C21-418B-923D-05C1D18391D9}.Release|Any CPU.ActiveCfg = Release|Any CPU
		{C0EF6419-8C21-418B-923D-05C1D18391D9}.Release|Any CPU.Build.0 = Release|Any CPU
	EndGlobalSection
	GlobalSection(SolutionProperties) = preSolution
		HideSolutionNode = FALSE
	EndGlobalSection
EndGlobal
